
Microsoft Visual Studio Solution File, Format Version 12.00
# Visual Studio Version 17
VisualStudioVersion = 17.1.32407.343
MinimumVisualStudioVersion = 10.0.40219.1
Project("{E197D74E-BEC8-48FA-A815-8FA406A7639D}") = "AdjustDisabledWork", "Source\AdjustDisabledWork.csproj", "{F3AE86F7-58F2-4402-9A76-F99AEEE1A9C9}"
EndProject
Global
	GlobalSection(SolutionConfigurationPlatforms) = preSolution
		Debug|Any CPU = Debug|Any CPU
		Release|Any CPU = Release|Any CPU
	EndGlobalSection
	GlobalSection(ProjectConfigurationPlatforms) = postSolution
		{F3AE86F7-58F2-4402-9A76-F99AEEE1A9C9}.Debug|Any CPU.ActiveCfg = Debug|Any CPU
		{F3AE86F7-58F2-4402-9A76-F99AEEE1A9C9}.Debug|Any CPU.Build.0 = Debug|Any CPU
		{F3AE86F7-58F2-4402-9A76-F99AEEE1A9C9}.Release|Any CPU.ActiveCfg = Release|Any CPU
		{F3AE86F7-58F2-4402-9A76-F99AEEE1A9C9}.Release|Any CPU.Build.0 = Release|Any CPU
	EndGlobalSection
	GlobalSection(SolutionProperties) = preSolution
		HideSolutionNode = FALSE
	EndGlobalSection
	GlobalSection(ExtensibilityGlobals) = postSolution
		SolutionGuid = {669322D2-AED6-438C-B9B0-7EFAE7797BC8}
	EndGlobalSection
EndGlobal
